
Microsoft Visual Studio Solution File, Format Version 12.00
# Visual Studio 15
VisualStudioVersion = 15.0.28306.52
MinimumVisualStudioVersion = 10.0.40219.1
Project("{FAE04EC0-301F-11D3-BF4B-00C04F79EFBC}") = "StringCutter", "StringCutter\StringCutter.csproj", "{F5CC240C-5E5A-4FA4-BD02-07FBAD870312}"
EndProject
Global
	GlobalSection(SolutionConfigurationPlatforms) = preSolution
		Debug|Any CPU = Debug|Any CPU
		Release|Any CPU = Release|Any CPU
	EndGlobalSection
	GlobalSection(ProjectConfigurationPlatforms) = postSolution
		{F5CC240C-5E5A-4FA4-BD02-07FBAD870312}.Debug|Any CPU.ActiveCfg = Debug|Any CPU
		{F5CC240C-5E5A-4FA4-BD02-07FBAD870312}.Debug|Any CPU.Build.0 = Debug|Any CPU
		{F5CC240C-5E5A-4FA4-BD02-07FBAD870312}.Release|Any CPU.ActiveCfg = Release|Any CPU
		{F5CC240C-5E5A-4FA4-BD02-07FBAD870312}.Release|Any CPU.Build.0 = Release|Any CPU
	EndGlobalSection
	GlobalSection(SolutionProperties) = preSolution
		HideSolutionNode = FALSE
	EndGlobalSection
	GlobalSection(ExtensibilityGlobals) = postSolution
		SolutionGuid = {A3040783-599C-4D33-8B94-2A66DDE76A7C}
	EndGlobalSection
EndGlobal
